<Solution>
  <Folder Name="/Solution Items/">
    <File Path=".editorconfig" />
    <File Path=".gitattributes" />
    <File Path=".gitignore" />
    <File Path="AGENTS.md" />
    <File Path="Analyzers.ruleset" />
    <File Path="CLAUDE.md" />
    <File Path="Directory.Build.props" />
    <File Path="Directory.Build.targets" />
    <File Path="LICENSE" />
    <File Path="README.md" />
    <File Path="Template.AWS.Api.Tenant.sln.DotSettings" />
  </Folder>
  <Project Path="src/Template.Backend/Template.Backend.csproj" DefaultStartup="true" />
  <Project Path="src/Template.IaC/Template.IaC.csproj" />
</Solution>
